# @generated - this file is auto-generated by `mise lock` https://mise.en.dev/dev-tools/mise-lock.html

[[tools."aqua:moonrepo/moon"]]
version = "2.3.5"
backend = "aqua:moonrepo/moon"

[tools."aqua:moonrepo/moon"."platforms.linux-arm64"]
checksum = "sha256:553c2ed2202a0f2376cd21d49cd6436d8ff1cbbce537b2d97681adf7beaca61e"
url = "https://github.com/moonrepo/moon/releases/download/v2.3.5/moon_cli-aarch64-unknown-linux-musl.tar.xz"

[tools."aqua:moonrepo/moon"."platforms.linux-x64"]
checksum = "sha256:5639b8780dc4281776524a48f645b814754f8a5373c3d3958cbf6c2336f6a317"
url = "https://github.com/moonrepo/moon/releases/download/v2.3.5/moon_cli-x86_64-unknown-linux-musl.tar.xz"

[tools."aqua:moonrepo/moon"."platforms.macos-arm64"]
checksum = "sha256:2b981e6827833771a51ac4766e9907d12e111bfa7272ab99b5dce28793401b8e"
url = "https://github.com/moonrepo/moon/releases/download/v2.3.5/moon_cli-aarch64-apple-darwin.tar.xz"

[[tools.node]]
version = "24.4.0"
backend = "core:node"

[tools.node."platforms.linux-arm64"]
checksum = "sha256:637ab954900450101c9a254df9014771f5f21d5fd12fec53e4cf4f8bae7e7365"
url = "https://nodejs.org/dist/v24.4.0/node-v24.4.0-linux-arm64.tar.gz"

[tools.node."platforms.linux-x64"]
checksum = "sha256:292c187efeb7a360dee81efb519518dea2e02cb98e4c0d1d5a0f0af62c31e4b6"
url = "https://nodejs.org/dist/v24.4.0/node-v24.4.0-linux-x64.tar.gz"

[tools.node."platforms.macos-arm64"]
checksum = "sha256:d7db0e5017d68f4e34405f5c99ad3895481793cc6420550e582b7eedf911780f"
url = "https://nodejs.org/dist/v24.4.0/node-v24.4.0-darwin-arm64.tar.gz"

[tools.node."platforms.macos-x64"]
checksum = "sha256:3dea0c90625c2e7be1e71c3561e1e3337d42d7b6e67dd6f3a3709ec12359bec7"
url = "https://nodejs.org/dist/v24.4.0/node-v24.4.0-darwin-x64.tar.gz"
